
Microsoft Visual Studio Solution File, Format Version 12.00
# Visual Studio 2012
Project("{FAE04EC0-301F-11D3-BF4B-00C04F79EFBC}") = "mono-testes", "mono-testes.csproj", "{8281B12C-30CD-4453-9CA2-990CDC893A93}"
EndProject
Global
	GlobalSection(SolutionConfigurationPlatforms) = preSolution
		Debug|Any CPU = Debug|Any CPU
		Release|Any CPU = Release|Any CPU
	EndGlobalSection
	GlobalSection(ProjectConfigurationPlatforms) = postSolution
		{8281B12C-30CD-4453-9CA2-990CDC893A93}.Debug|Any CPU.ActiveCfg = Debug|Any CPU
		{8281B12C-30CD-4453-9CA2-990CDC893A93}.Debug|Any CPU.Build.0 = Debug|Any CPU
		{8281B12C-30CD-4453-9CA2-990CDC893A93}.Release|Any CPU.ActiveCfg = Release|Any CPU
		{8281B12C-30CD-4453-9CA2-990CDC893A93}.Release|Any CPU.Build.0 = Release|Any CPU
	EndGlobalSection
	GlobalSection(MonoDevelopProperties) = preSolution
		StartupItem = mono-testes.csproj
	EndGlobalSection
EndGlobal
